
Microsoft Visual Studio Solution File, Format Version 12.00
# Visual Studio 15
VisualStudioVersion = 15.0.28307.1259
MinimumVisualStudioVersion = 10.0.40219.1
Project("{8BC9CEB8-8B4A-11D0-8D11-00A0C91BC942}") = "Cannonvolt", "Cannonvolt\Cannonvolt.vcxproj", "{CEBF7EA1-92B1-4856-9690-D69F787BE491}"
EndProject
Global
	GlobalSection(SolutionConfigurationPlatforms) = preSolution
		Debug|x64 = Debug|x64
		Debug|x86 = Debug|x86
		Release|x64 = Release|x64
		Release|x86 = Release|x86
	EndGlobalSection
	GlobalSection(ProjectConfigurationPlatforms) = postSolution
		{CEBF7EA1-92B1-4856-9690-D69F787BE491}.Debug|x64.ActiveCfg = Debug|x64
		{CEBF7EA1-92B1-4856-9690-D69F787BE491}.Debug|x64.Build.0 = Debug|x64
		{CEBF7EA1-92B1-4856-9690-D69F787BE491}.Debug|x86.ActiveCfg = Debug|Win32
		{CEBF7EA1-92B1-4856-9690-D69F787BE491}.Debug|x86.Build.0 = Debug|Win32
		{CEBF7EA1-92B1-4856-9690-D69F787BE491}.Release|x64.ActiveCfg = Release|x64
		{CEBF7EA1-92B1-4856-9690-D69F787BE491}.Release|x64.Build.0 = Release|x64
		{CEBF7EA1-92B1-4856-9690-D69F787BE491}.Release|x86.ActiveCfg = Release|Win32
		{CEBF7EA1-92B1-4856-9690-D69F787BE491}.Release|x86.Build.0 = Release|Win32
	EndGlobalSection
	GlobalSection(SolutionProperties) = preSolution
		HideSolutionNode = FALSE
	EndGlobalSection
	GlobalSection(ExtensibilityGlobals) = postSolution
		SolutionGuid = {E853D88C-9F0A-4077-B062-E16D7C687494}
	EndGlobalSection
EndGlobal
