<?xml version="1.0" encoding="utf-8"?>
<Project ToolsVersion="4.0" xmlns="http://schemas.microsoft.com/developer/msbuild/2003">
  <ItemGroup>
    <Filter Include="Source Files">
      <UniqueIdentifier>{4FC737F1-C7A5-4376-A066-2A32D752A2FF}</UniqueIdentifier>
      <Extensions>cpp;c;cc;cxx;c++;cppm;ixx;def;odl;idl;hpj;bat;asm;asmx</Extensions>
    </Filter>
    <Filter Include="Header Files">
      <UniqueIdentifier>{93995380-89BD-4b04-88EB-625FBE52EBFB}</UniqueIdentifier>
      <Extensions>h;hh;hpp;hxx;h++;hm;inl;inc;ipp;xsd</Extensions>
    </Filter>
    <Filter Include="Resource Files">
      <UniqueIdentifier>{67DA6AB6-F800-4c08-8B7A-83BB121AAD01}</UniqueIdentifier>
      <Extensions>rc;ico;cur;bmp;dlg;rc2;rct;bin;rgs;gif;jpg;jpeg;jpe;resx;tiff;tif;png;wav;mfcribbon-ms</Extensions>
    </Filter>
    <Filter Include="Header Files\Engine">
      <UniqueIdentifier>{107cb81c-9799-4989-96b1-b475919d627c}</UniqueIdentifier>
    </Filter>
    <Filter Include="Header Files\Engine\Core">
      <UniqueIdentifier>{c073d71d-8dff-4014-9eb6-0b4e10091031}</UniqueIdentifier>
    </Filter>
    <Filter Include="Header Files\Game">
      <UniqueIdentifier>{9edbfd6e-0fa9-4c58-85ba-26f92336d595}</UniqueIdentifier>
    </Filter>
    <Filter Include="Source Files\Engine">
      <UniqueIdentifier>{f4d2d626-79f7-4a43-aebe-5a31c5298bea}</UniqueIdentifier>
    </Filter>
    <Filter Include="Source Files\Game">
      <UniqueIdentifier>{ef3fd12e-4cef-4c8a-bb72-6f71493f9ec1}</UniqueIdentifier>
    </Filter>
    <Filter Include="Source Files\Engine\Core">
      <UniqueIdentifier>{9ddbee5c-b625-4a9f-9f19-daa0c07e5b06}</UniqueIdentifier>
    </Filter>
    <Filter Include="Source Files\Engine\Camera">
      <UniqueIdentifier>{65ecd114-aacd-47b6-a98f-bdd1b88affa8}</UniqueIdentifier>
    </Filter>
    <Filter Include="Header Files\Engine\Camera">
      <UniqueIdentifier>{b2d01fbb-e761-4ed5-950b-c68b36e2ffa6}</UniqueIdentifier>
    </Filter>
    <Filter Include="Header Files\Engine\Events">
      <UniqueIdentifier>{f333726b-bd91-476c-aad0-be451060f034}</UniqueIdentifier>
    </Filter>
    <Filter Include="Source Files\Engine\Events">
      <UniqueIdentifier>{f435d3d1-f6b0-4bb5-9612-af2b7fc27ef2}</UniqueIdentifier>
    </Filter>
    <Filter Include="Header Files\Engine\FX">
      <UniqueIdentifier>{9180b3ce-dcd3-4c9d-bb34-4935507868d7}</UniqueIdentifier>
    </Filter>
    <Filter Include="Source Files\Engine\FX">
      <UniqueIdentifier>{96ca12d7-0875-4c40-97ce-9a554e589367}</UniqueIdentifier>
    </Filter>
    <Filter Include="Header Files\Engine\Graphics">
      <UniqueIdentifier>{e268e379-06ce-4586-af84-a312a93402d9}</UniqueIdentifier>
    </Filter>
    <Filter Include="Source Files\Engine\Graphics">
      <UniqueIdentifier>{050600ba-bd0e-4426-9929-a087e8c5c263}</UniqueIdentifier>
    </Filter>
    <Filter Include="Header Files\Engine\Math">
      <UniqueIdentifier>{9b7f7a8f-410b-45e4-a537-57fe9323d82b}</UniqueIdentifier>
    </Filter>
    <Filter Include="Source Files\Engine\Math">
      <UniqueIdentifier>{907183c5-77d5-4f69-9943-3797a9be4247}</UniqueIdentifier>
    </Filter>
    <Filter Include="Header Files\Engine\Rendering">
      <UniqueIdentifier>{07dfa27b-5355-4f31-8fdc-8d4dc17679c6}</UniqueIdentifier>
    </Filter>
    <Filter Include="Header Files\Engine\Rendering\2D">
      <UniqueIdentifier>{fe5bbf73-0812-4d9e-88e7-a6fa1a098738}</UniqueIdentifier>
    </Filter>
    <Filter Include="Source Files\Engine\Rendering">
      <UniqueIdentifier>{11869a4e-316d-43b2-a550-58433dcfb633}</UniqueIdentifier>
    </Filter>
    <Filter Include="Source Files\Engine\Rendering\2D">
      <UniqueIdentifier>{37418698-18de-4f04-b154-b40555e55a2a}</UniqueIdentifier>
    </Filter>
    <Filter Include="Header Files\Engine\Shaders">
      <UniqueIdentifier>{a4b5a433-0fd0-4090-b547-1c0200b0e73f}</UniqueIdentifier>
    </Filter>
    <Filter Include="Header Files\Engine\Modules">
      <UniqueIdentifier>{78ea06c8-53db-4615-a4c4-2cd24d674fd0}</UniqueIdentifier>
    </Filter>
    <Filter Include="Source Files\Engine\Modules">
      <UniqueIdentifier>{3045b07f-1b78-4057-93d2-909d1158d484}</UniqueIdentifier>
    </Filter>
  </ItemGroup>
  <ItemGroup>
    <ClCompile Include="Main.cpp">
      <Filter>Source Files</Filter>
    </ClCompile>
    <ClCompile Include="Game\SceneManager.cpp">
      <Filter>Source Files\Game</Filter>
    </ClCompile>
    <ClCompile Include="Engine\Core\CoreEngine.cpp">
      <Filter>Source Files\Engine\Core</Filter>
    </ClCompile>
    <ClCompile Include="Engine\Core\Debug.cpp">
      <Filter>Source Files\Engine\Core</Filter>
    </ClCompile>
    <ClCompile Include="Engine\Core\Timer.cpp">
      <Filter>Source Files\Engine\Core</Filter>
    </ClCompile>
    <ClCompile Include="Engine\Core\Window.cpp">
      <Filter>Source Files\Engine\Core</Filter>
    </ClCompile>
    <ClCompile Include="Engine\Camera\Camera.cpp">
      <Filter>Source Files\Engine\Camera</Filter>
    </ClCompile>
    <ClCompile Include="Engine\Events\EventListener.cpp">
      <Filter>Source Files\Engine\Events</Filter>
    </ClCompile>
    <ClCompile Include="Engine\Events\MouseEventListener.cpp">
      <Filter>Source Files\Engine\Events</Filter>
    </ClCompile>
    <ClCompile Include="Engine\FX\LightSource.cpp">
      <Filter>Source Files\Engine\FX</Filter>
    </ClCompile>
    <ClCompile Include="Engine\Math\CollisionDetection.cpp">
      <Filter>Source Files\Engine\Math</Filter>
    </ClCompile>
    <ClCompile Include="Engine\Math\CollisionHandler.cpp">
      <Filter>Source Files\Engine\Math</Filter>
    </ClCompile>
    <ClCompile Include="Engine\Rendering\SceneGraph.cpp">
      <Filter>Source Files\Engine\Rendering</Filter>
    </ClCompile>
    <ClCompile Include="Game\Character.cpp">
      <Filter>Source Files\Game</Filter>
    </ClCompile>
    <ClCompile Include="Engine\Rendering\2D\GameObject.cpp">
      <Filter>Source Files\Engine\Rendering\2D</Filter>
    </ClCompile>
    <ClCompile Include="Game\TestScene.cpp">
      <Filter>Source Files\Game</Filter>
    </ClCompile>
    <ClCompile Include="Engine\Rendering\2D\Sprite.cpp">
      <Filter>Source Files\Engine\Rendering\2D</Filter>
    </ClCompile>
    <ClCompile Include="Engine\Graphics\TextureHandler.cpp">
      <Filter>Source Files\Engine\Graphics</Filter>
    </ClCompile>
    <ClCompile Include="Engine\Graphics\ShaderHandler.cpp">
      <Filter>Source Files\Engine\Graphics</Filter>
    </ClCompile>
    <ClCompile Include="Game\Character.cpp">
      <Filter>Source Files\Game</Filter>
    </ClCompile>
    <ClCompile Include="Engine\Events\KeyEventListener.cpp">
      <Filter>Source Files\Engine\Events</Filter>
    </ClCompile>
    <ClCompile Include="Engine\Math\AI.cpp">
      <Filter>Source Files\Engine\Math</Filter>
    </ClCompile>
    <ClCompile Include="Game\Platform.cpp">
      <Filter>Source Files\Game</Filter>
    </ClCompile>
    <ClCompile Include="Engine\Rendering\2D\SpriteDrawer.cpp">
      <Filter>Source Files\Engine\Rendering\2D</Filter>
    </ClCompile>
    <ClCompile Include="AITest.cpp">
      <Filter>Source Files\Game</Filter>
    </ClCompile>
    <ClCompile Include="InputControl.cpp">
      <Filter>Source Files\Engine\Events</Filter>
    </ClCompile>
    <ClCompile Include="Engine\Math\Physics.cpp">
      <Filter>Source Files\Engine\Math</Filter>
    </ClCompile>
    <ClCompile Include="Engine\Modules\Platformer.cpp">
      <Filter>Source Files\Engine\Modules</Filter>
    </ClCompile>
  </ItemGroup>
  <ItemGroup>
    <ClInclude Include="Engine\Core\CoreEngine.h">
      <Filter>Header Files\Engine\Core</Filter>
    </ClInclude>
    <ClInclude Include="Engine\Core\Debug.h">
      <Filter>Header Files\Engine\Core</Filter>
    </ClInclude>
    <ClInclude Include="Engine\Core\GameInterface.h">
      <Filter>Header Files\Engine\Core</Filter>
    </ClInclude>
    <ClInclude Include="Engine\Core\Scene.h">
      <Filter>Header Files\Engine\Core</Filter>
    </ClInclude>
    <ClInclude Include="Engine\Core\Timer.h">
      <Filter>Header Files\Engine\Core</Filter>
    </ClInclude>
    <ClInclude Include="Engine\Core\Window.h">
      <Filter>Header Files\Engine\Core</Filter>
    </ClInclude>
    <ClInclude Include="Game\SceneManager.h">
      <Filter>Header Files\Game</Filter>
    </ClInclude>
    <ClInclude Include="Engine\Camera\Camera.h">
      <Filter>Header Files\Engine\Camera</Filter>
    </ClInclude>
    <ClInclude Include="Engine\Events\EventListener.h">
      <Filter>Header Files\Engine\Events</Filter>
    </ClInclude>
    <ClInclude Include="Engine\Events\MouseEventListener.h">
      <Filter>Header Files\Engine\Events</Filter>
    </ClInclude>
    <ClInclude Include="Engine\FX\LightSource.h">
      <Filter>Header Files\Engine\FX</Filter>
    </ClInclude>
    <ClInclude Include="Engine\Math\BoundingBox.h">
      <Filter>Header Files\Engine\Math</Filter>
    </ClInclude>
    <ClInclude Include="Engine\Math\CollisionDetection.h">
      <Filter>Header Files\Engine\Math</Filter>
    </ClInclude>
    <ClInclude Include="Engine\Math\CollisionHandler.h">
      <Filter>Header Files\Engine\Math</Filter>
    </ClInclude>
    <ClInclude Include="Engine\Math\Ray.h">
      <Filter>Header Files\Engine\Math</Filter>
    </ClInclude>
    <ClInclude Include="Engine\Rendering\SceneGraph.h">
      <Filter>Header Files\Engine\Rendering</Filter>
    </ClInclude>
    <ClInclude Include="Game\Character.h">
      <Filter>Header Files\Game</Filter>
    </ClInclude>
    <ClInclude Include="Engine\Rendering\2D\GameObject.h">
      <Filter>Header Files\Engine\Rendering\2D</Filter>
    </ClInclude>
    <ClInclude Include="Game\TestScene.h">
      <Filter>Header Files\Game</Filter>
    </ClInclude>
    <ClInclude Include="Engine\Rendering\2D\Sprite.h">
      <Filter>Header Files\Engine\Rendering\2D</Filter>
    </ClInclude>
    <ClInclude Include="Engine\Graphics\TextureHandler.h">
      <Filter>Header Files\Engine\Graphics</Filter>
    </ClInclude>
    <ClInclude Include="Engine\Graphics\ShaderHandler.h">
      <Filter>Header Files\Engine\Graphics</Filter>
    </ClInclude>
    <ClInclude Include="Game\Character.h">
      <Filter>Header Files\Game</Filter>
    </ClInclude>
    <ClInclude Include="Engine\Events\KeyEventListener.h">
      <Filter>Header Files\Engine\Events</Filter>
    </ClInclude>
    <ClInclude Include="Engine\Math\AI.h">
      <Filter>Header Files\Engine\Math</Filter>
    </ClInclude>
    <ClInclude Include="Game\Platform.h">
      <Filter>Header Files\Game</Filter>
    </ClInclude>
    <ClInclude Include="AITest.h">
      <Filter>Header Files</Filter>
    </ClInclude>
    <ClInclude Include="InputControl.h">
      <Filter>Header Files\Engine\Events</Filter>
    </ClInclude>
    <ClInclude Include="Engine\Math\Physics.h">
      <Filter>Header Files\Engine\Math</Filter>
    </ClInclude>
    <ClInclude Include="Engine\Rendering\2D\SpriteDrawer.h">
      <Filter>Header Files\Engine\Rendering\2D</Filter>
    </ClInclude>
    <ClInclude Include="Engine\Modules\Modular_Base.h">
      <Filter>Header Files\Engine\Modules</Filter>
    </ClInclude>
    <ClInclude Include="Engine\Modules\Platformer.h">
      <Filter>Header Files\Engine\Modules</Filter>
    </ClInclude>
  </ItemGroup>
  <ItemGroup>
    <None Include="Engine\Shaders\ColourVertexShader.glsl">
      <Filter>Header Files\Engine\Shaders</Filter>
    </None>
    <None Include="Engine\Shaders\FragmentShader.glsl">
      <Filter>Header Files\Engine\Shaders</Filter>
    </None>
    <None Include="Engine\Shaders\VertexShader.glsl">
      <Filter>Header Files\Engine\Shaders</Filter>
    </None>
    <None Include="Engine\Shaders\ColourFragmentShader.glsl">
      <Filter>Header Files\Engine\Shaders</Filter>
    </None>
  </ItemGroup>
  <ItemGroup>
    <Text Include="Resources\Textures\Apple_Body.txt">
      <Filter>Resource Files</Filter>
    </Text>
  </ItemGroup>
</Project>